
Microsoft Visual Studio Solution File, Format Version 12.00
# Visual Studio 14
VisualStudioVersion = 14.0.25420.1
MinimumVisualStudioVersion = 10.0.40219.1
Project("{FAE04EC0-301F-11D3-BF4B-00C04F79EFBC}") = "StockpileFixer", "StockpileFixer\StockpileFixer.csproj", "{A3BD1BF7-9B5F-480F-BAA9-97D8053A473E}"
EndProject
Global
	GlobalSection(SolutionConfigurationPlatforms) = preSolution
		Debug|Any CPU = Debug|Any CPU
		Release|Any CPU = Release|Any CPU
	EndGlobalSection
	GlobalSection(ProjectConfigurationPlatforms) = postSolution
		{A3BD1BF7-9B5F-480F-BAA9-97D8053A473E}.Debug|Any CPU.ActiveCfg = Debug|Any CPU
		{A3BD1BF7-9B5F-480F-BAA9-97D8053A473E}.Debug|Any CPU.Build.0 = Debug|Any CPU
		{A3BD1BF7-9B5F-480F-BAA9-97D8053A473E}.Release|Any CPU.ActiveCfg = Release|Any CPU
		{A3BD1BF7-9B5F-480F-BAA9-97D8053A473E}.Release|Any CPU.Build.0 = Release|Any CPU
	EndGlobalSection
	GlobalSection(SolutionProperties) = preSolution
		HideSolutionNode = FALSE
	EndGlobalSection
EndGlobal
